
Microsoft Visual Studio Solution File, Format Version 12.00
# Visual Studio Version 17
VisualStudioVersion = 17.4.33205.214
MinimumVisualStudioVersion = 10.0.40219.1
Project("{FAE04EC0-301F-11D3-BF4B-00C04F79EFBC}") = "Husi1", "Husi1.csproj", "{EF36CB26-6BC2-473C-8285-E9F8A427BA17}"
EndProject
Global
	GlobalSection(SolutionConfigurationPlatforms) = preSolution
		Debug|Any CPU = Debug|Any CPU
		Release|Any CPU = Release|Any CPU
	EndGlobalSection
	GlobalSection(ProjectConfigurationPlatforms) = postSolution
		{EF36CB26-6BC2-473C-8285-E9F8A427BA17}.Debug|Any CPU.ActiveCfg = Debug|Any CPU
		{EF36CB26-6BC2-473C-8285-E9F8A427BA17}.Debug|Any CPU.Build.0 = Debug|Any CPU
		{EF36CB26-6BC2-473C-8285-E9F8A427BA17}.Release|Any CPU.ActiveCfg = Release|Any CPU
		{EF36CB26-6BC2-473C-8285-E9F8A427BA17}.Release|Any CPU.Build.0 = Release|Any CPU
	EndGlobalSection
	GlobalSection(SolutionProperties) = preSolution
		HideSolutionNode = FALSE
	EndGlobalSection
	GlobalSection(ExtensibilityGlobals) = postSolution
		SolutionGuid = {21DF0F78-EE99-4FE0-A653-0723E30927A3}
	EndGlobalSection
EndGlobal
