
Microsoft Visual Studio Solution File, Format Version 12.00
# Visual Studio Version 17
VisualStudioVersion = 17.4.33205.214
MinimumVisualStudioVersion = 10.0.40219.1
Project("{FAE04EC0-301F-11D3-BF4B-00C04F79EFBC}") = "Calculator", "Calculator.csproj", "{9FF74482-141D-4A30-BEDA-0EE1E646E6B8}"
EndProject
Global
	GlobalSection(SolutionConfigurationPlatforms) = preSolution
		Debug|Any CPU = Debug|Any CPU
		Release|Any CPU = Release|Any CPU
	EndGlobalSection
	GlobalSection(ProjectConfigurationPlatforms) = postSolution
		{9FF74482-141D-4A30-BEDA-0EE1E646E6B8}.Debug|Any CPU.ActiveCfg = Debug|Any CPU
		{9FF74482-141D-4A30-BEDA-0EE1E646E6B8}.Debug|Any CPU.Build.0 = Debug|Any CPU
		{9FF74482-141D-4A30-BEDA-0EE1E646E6B8}.Release|Any CPU.ActiveCfg = Release|Any CPU
		{9FF74482-141D-4A30-BEDA-0EE1E646E6B8}.Release|Any CPU.Build.0 = Release|Any CPU
	EndGlobalSection
	GlobalSection(SolutionProperties) = preSolution
		HideSolutionNode = FALSE
	EndGlobalSection
	GlobalSection(ExtensibilityGlobals) = postSolution
		SolutionGuid = {789F7E70-59F9-4B59-ABD2-6F053375BA57}
	EndGlobalSection
EndGlobal
